// !$*UTF8*$!
{
	archiveVersion = 1;
	classes = {
	};
	objectVersion = 48;
	objects = {

/* Begin PBXBuildFile section */
		060E56225D8F44696315A74C /* Pods_TimeDrip.framework in Frameworks */ = {isa = PBXBuildFile; fileRef = 797849907096ADE14A72EB35 /* Pods_TimeDrip.framework */; };
		440EA02A2033B4F300D2FBD8 /* AppDelegate.swift in Sources */ = {isa = PBXBuildFile; fileRef = 440EA0292033B4F300D2FBD8 /* AppDelegate.swift */; };
		440EA02C2033B4F300D2FBD8 /* SimpleTimerViewController.swift in Sources */ = {isa = PBXBuildFile; fileRef = 440EA02B2033B4F300D2FBD8 /* SimpleTimerViewController.swift */; };
		440EA02F2033B4F300D2FBD8 /* Main.storyboard in Resources */ = {isa = PBXBuildFile; fileRef = 440EA02D2033B4F300D2FBD8 /* Main.storyboard */; };
		440EA0312033B4F300D2FBD8 /* Assets.xcassets in Resources */ = {isa = PBXBuildFile; fileRef = 440EA0302033B4F300D2FBD8 /* Assets.xcassets */; };
		440EA0342033B4F300D2FBD8 /* LaunchScreen.storyboard in Resources */ = {isa = PBXBuildFile; fileRef = 440EA0322033B4F300D2FBD8 /* LaunchScreen.storyboard */; };
		4448127D20BB0D15004D97F5 /* Sounds.swift in Sources */ = {isa = PBXBuildFile; fileRef = 4448127C20BB0D15004D97F5 /* Sounds.swift */; };
		4448127F20BB0FF6004D97F5 /* sounds in Resources */ = {isa = PBXBuildFile; fileRef = 4448127E20BB0FF6004D97F5 /* sounds */; };
		4450C2AF2040B7EC00A784A7 /* SavedTimer.swift in Sources */ = {isa = PBXBuildFile; fileRef = 4450C2AE2040B7EC00A784A7 /* SavedTimer.swift */; };
		4450C2B32040DBEC00A784A7 /* SavedTimersTableViewController.swift in Sources */ = {isa = PBXBuildFile; fileRef = 4450C2B22040DBEC00A784A7 /* SavedTimersTableViewController.swift */; };
		4450C31F204B802900A784A7 /* Settings.swift in Sources */ = {isa = PBXBuildFile; fileRef = 4450C31E204B802900A784A7 /* Settings.swift */; };
		445329A021FE75DC00E03F86 /* Coordinator.swift in Sources */ = {isa = PBXBuildFile; fileRef = 4453299F21FE75DC00E03F86 /* Coordinator.swift */; };
		445F847D20A8CA90004E1E3A /* GradientView.swift in Sources */ = {isa = PBXBuildFile; fileRef = 445F847C20A8CA90004E1E3A /* GradientView.swift */; };
		445F847F20A91E8D004E1E3A /* ColorPalette.swift in Sources */ = {isa = PBXBuildFile; fileRef = 445F847E20A91E8D004E1E3A /* ColorPalette.swift */; };
		445F848120A925F6004E1E3A /* RoundedGradientView.swift in Sources */ = {isa = PBXBuildFile; fileRef = 445F848020A925F6004E1E3A /* RoundedGradientView.swift */; };
		445F848320AB6D5F004E1E3A /* SettingsViewController.swift in Sources */ = {isa = PBXBuildFile; fileRef = 445F848220AB6D5F004E1E3A /* SettingsViewController.swift */; };
		4462D88A2066C2E00070D1C6 /* RoundedButton.swift in Sources */ = {isa = PBXBuildFile; fileRef = 4462D8892066C2E00070D1C6 /* RoundedButton.swift */; };
		44877F8720891A0200A0AE15 /* RoundedView.swift in Sources */ = {isa = PBXBuildFile; fileRef = 44877F8620891A0200A0AE15 /* RoundedView.swift */; };
		44877F8920893C5E00A0AE15 /* InitialViewController.swift in Sources */ = {isa = PBXBuildFile; fileRef = 44877F8820893C5E00A0AE15 /* InitialViewController.swift */; };
		44A65586204CAA730088FE49 /* ColorSampleTableViewCell.swift in Sources */ = {isa = PBXBuildFile; fileRef = 44A65584204CAA730088FE49 /* ColorSampleTableViewCell.swift */; };
		44A65587204CAA730088FE49 /* ColorSampleTableViewCell.xib in Resources */ = {isa = PBXBuildFile; fileRef = 44A65585204CAA730088FE49 /* ColorSampleTableViewCell.xib */; };
		44A6558A204CE3250088FE49 /* PickerCell.swift in Sources */ = {isa = PBXBuildFile; fileRef = 44A65588204CE3250088FE49 /* PickerCell.swift */; };
		44A6558B204CE3250088FE49 /* PickerCell.xib in Resources */ = {isa = PBXBuildFile; fileRef = 44A65589204CE3250088FE49 /* PickerCell.xib */; };
		44A655932051BC280088FE49 /* DetailCell.swift in Sources */ = {isa = PBXBuildFile; fileRef = 44A655912051BC280088FE49 /* DetailCell.swift */; };
		44A655942051BC280088FE49 /* DetailCell.xib in Resources */ = {isa = PBXBuildFile; fileRef = 44A655922051BC280088FE49 /* DetailCell.xib */; };
		44A655972051BFAF0088FE49 /* AutoStartCell.swift in Sources */ = {isa = PBXBuildFile; fileRef = 44A655952051BFAF0088FE49 /* AutoStartCell.swift */; };
		44A655982051BFAF0088FE49 /* AutoStartCell.xib in Resources */ = {isa = PBXBuildFile; fileRef = 44A655962051BFAF0088FE49 /* AutoStartCell.xib */; };
		44A6559B2051C5FD0088FE49 /* TitleCell.swift in Sources */ = {isa = PBXBuildFile; fileRef = 44A655992051C5FD0088FE49 /* TitleCell.swift */; };
		44A6559C2051C5FD0088FE49 /* TitleCell.xib in Resources */ = {isa = PBXBuildFile; fileRef = 44A6559A2051C5FD0088FE49 /* TitleCell.xib */; };
		44A6559E2051D0720088FE49 /* EditTimerViewController.swift in Sources */ = {isa = PBXBuildFile; fileRef = 44A6559D2051D0720088FE49 /* EditTimerViewController.swift */; };
		44B6758020C246BF00F71B9F /* BucketSpace.swift in Sources */ = {isa = PBXBuildFile; fileRef = 44B6757F20C246BF00F71B9F /* BucketSpace.swift */; };
		44C8DC7F21FE5EAB009179B3 /* Storyboarded.swift in Sources */ = {isa = PBXBuildFile; fileRef = 44C8DC7E21FE5EAB009179B3 /* Storyboarded.swift */; };
		44C8DC8121FE6658009179B3 /* MainCoordinator.swift in Sources */ = {isa = PBXBuildFile; fileRef = 44C8DC8021FE6658009179B3 /* MainCoordinator.swift */; };
		44CED50E20533C13002079F5 /* ToggleCell.swift in Sources */ = {isa = PBXBuildFile; fileRef = 44CED50C20533C13002079F5 /* ToggleCell.swift */; };
		44CED50F20533C13002079F5 /* ToggleCell.xib in Resources */ = {isa = PBXBuildFile; fileRef = 44CED50D20533C13002079F5 /* ToggleCell.xib */; };
		44CED5122053B71A002079F5 /* SavedTimerCell.swift in Sources */ = {isa = PBXBuildFile; fileRef = 44CED5102053B71A002079F5 /* SavedTimerCell.swift */; };
		44CED5132053B71A002079F5 /* SavedTimerCell.xib in Resources */ = {isa = PBXBuildFile; fileRef = 44CED5112053B71A002079F5 /* SavedTimerCell.xib */; };
/* End PBXBuildFile section */

/* Begin PBXFileReference section */
		440EA0262033B4F300D2FBD8 /* TimeDrip.app */ = {isa = PBXFileReference; explicitFileType = wrapper.application; includeInIndex = 0; path = TimeDrip.app; sourceTree = BUILT_PRODUCTS_DIR; };
		440EA0292033B4F300D2FBD8 /* AppDelegate.swift */ = {isa = PBXFileReference; lastKnownFileType = sourcecode.swift; path = AppDelegate.swift; sourceTree = "<group>"; };
		440EA02B2033B4F300D2FBD8 /* SimpleTimerViewController.swift */ = {isa = PBXFileReference; lastKnownFileType = sourcecode.swift; path = SimpleTimerViewController.swift; sourceTree = "<group>"; };
		440EA02E2033B4F300D2FBD8 /* Base */ = {isa = PBXFileReference; lastKnownFileType = file.storyboard; name = Base; path = Base.lproj/Main.storyboard; sourceTree = "<group>"; };
		440EA0302033B4F300D2FBD8 /* Assets.xcassets */ = {isa = PBXFileReference; lastKnownFileType = folder.assetcatalog; path = Assets.xcassets; sourceTree = "<group>"; };
		440EA0332033B4F300D2FBD8 /* Base */ = {isa = PBXFileReference; lastKnownFileType = file.storyboard; name = Base; path = Base.lproj/LaunchScreen.storyboard; sourceTree = "<group>"; };
		440EA0352033B4F300D2FBD8 /* Info.plist */ = {isa = PBXFileReference; lastKnownFileType = text.plist.xml; path = Info.plist; sourceTree = "<group>"; };
		4448127C20BB0D15004D97F5 /* Sounds.swift */ = {isa = PBXFileReference; lastKnownFileType = sourcecode.swift; path = Sounds.swift; sourceTree = "<group>"; };
		4448127E20BB0FF6004D97F5 /* sounds */ = {isa = PBXFileReference; lastKnownFileType = folder; path = sounds; sourceTree = "<group>"; };
		4450C2AE2040B7EC00A784A7 /* SavedTimer.swift */ = {isa = PBXFileReference; lastKnownFileType = sourcecode.swift; path = SavedTimer.swift; sourceTree = "<group>"; };
		4450C2B22040DBEC00A784A7 /* SavedTimersTableViewController.swift */ = {isa = PBXFileReference; lastKnownFileType = sourcecode.swift; path = SavedTimersTableViewController.swift; sourceTree = "<group>"; };
		4450C31E204B802900A784A7 /* Settings.swift */ = {isa = PBXFileReference; lastKnownFileType = sourcecode.swift; path = Settings.swift; sourceTree = "<group>"; };
		4453299F21FE75DC00E03F86 /* Coordinator.swift */ = {isa = PBXFileReference; fileEncoding = 4; lastKnownFileType = sourcecode.swift; path = Coordinator.swift; sourceTree = "<group>"; };
		445F847C20A8CA90004E1E3A /* GradientView.swift */ = {isa = PBXFileReference; lastKnownFileType = sourcecode.swift; path = GradientView.swift; sourceTree = "<group>"; };
		445F847E20A91E8D004E1E3A /* ColorPalette.swift */ = {isa = PBXFileReference; lastKnownFileType = sourcecode.swift; path = ColorPalette.swift; sourceTree = "<group>"; };
		445F848020A925F6004E1E3A /* RoundedGradientView.swift */ = {isa = PBXFileReference; lastKnownFileType = sourcecode.swift; path = RoundedGradientView.swift; sourceTree = "<group>"; };
		445F848220AB6D5F004E1E3A /* SettingsViewController.swift */ = {isa = PBXFileReference; lastKnownFileType = sourcecode.swift; path = SettingsViewController.swift; sourceTree = "<group>"; };
		4462D8892066C2E00070D1C6 /* RoundedButton.swift */ = {isa = PBXFileReference; lastKnownFileType = sourcecode.swift; path = RoundedButton.swift; sourceTree = "<group>"; };
		44877F8620891A0200A0AE15 /* RoundedView.swift */ = {isa = PBXFileReference; lastKnownFileType = sourcecode.swift; path = RoundedView.swift; sourceTree = "<group>"; };
		44877F8820893C5E00A0AE15 /* InitialViewController.swift */ = {isa = PBXFileReference; lastKnownFileType = sourcecode.swift; path = InitialViewController.swift; sourceTree = "<group>"; };
		44A65584204CAA730088FE49 /* ColorSampleTableViewCell.swift */ = {isa = PBXFileReference; lastKnownFileType = sourcecode.swift; path = ColorSampleTableViewCell.swift; sourceTree = "<group>"; };
		44A65585204CAA730088FE49 /* ColorSampleTableViewCell.xib */ = {isa = PBXFileReference; lastKnownFileType = file.xib; path = ColorSampleTableViewCell.xib; sourceTree = "<group>"; };
		44A65588204CE3250088FE49 /* PickerCell.swift */ = {isa = PBXFileReference; lastKnownFileType = sourcecode.swift; path = PickerCell.swift; sourceTree = "<group>"; };
		44A65589204CE3250088FE49 /* PickerCell.xib */ = {isa = PBXFileReference; lastKnownFileType = file.xib; path = PickerCell.xib; sourceTree = "<group>"; };
		44A655912051BC280088FE49 /* DetailCell.swift */ = {isa = PBXFileReference; lastKnownFileType = sourcecode.swift; path = DetailCell.swift; sourceTree = "<group>"; };
		44A655922051BC280088FE49 /* DetailCell.xib */ = {isa = PBXFileReference; lastKnownFileType = file.xib; path = DetailCell.xib; sourceTree = "<group>"; };
		44A655952051BFAF0088FE49 /* AutoStartCell.swift */ = {isa = PBXFileReference; lastKnownFileType = sourcecode.swift; path = AutoStartCell.swift; sourceTree = "<group>"; };
		44A655962051BFAF0088FE49 /* AutoStartCell.xib */ = {isa = PBXFileReference; lastKnownFileType = file.xib; path = AutoStartCell.xib; sourceTree = "<group>"; };
		44A655992051C5FD0088FE49 /* TitleCell.swift */ = {isa = PBXFileReference; lastKnownFileType = sourcecode.swift; path = TitleCell.swift; sourceTree = "<group>"; };
		44A6559A2051C5FD0088FE49 /* TitleCell.xib */ = {isa = PBXFileReference; lastKnownFileType = file.xib; path = TitleCell.xib; sourceTree = "<group>"; };
		44A6559D2051D0720088FE49 /* EditTimerViewController.swift */ = {isa = PBXFileReference; lastKnownFileType = sourcecode.swift; path = EditTimerViewController.swift; sourceTree = "<group>"; };
		44B6757F20C246BF00F71B9F /* BucketSpace.swift */ = {isa = PBXFileReference; lastKnownFileType = sourcecode.swift; path = BucketSpace.swift; sourceTree = "<group>"; };
		44C8DC7E21FE5EAB009179B3 /* Storyboarded.swift */ = {isa = PBXFileReference; lastKnownFileType = sourcecode.swift; path = Storyboarded.swift; sourceTree = "<group>"; };
		44C8DC8021FE6658009179B3 /* MainCoordinator.swift */ = {isa = PBXFileReference; lastKnownFileType = sourcecode.swift; path = MainCoordinator.swift; sourceTree = "<group>"; };
		44CED50C20533C13002079F5 /* ToggleCell.swift */ = {isa = PBXFileReference; lastKnownFileType = sourcecode.swift; path = ToggleCell.swift; sourceTree = "<group>"; };
		44CED50D20533C13002079F5 /* ToggleCell.xib */ = {isa = PBXFileReference; lastKnownFileType = file.xib; path = ToggleCell.xib; sourceTree = "<group>"; };
		44CED5102053B71A002079F5 /* SavedTimerCell.swift */ = {isa = PBXFileReference; lastKnownFileType = sourcecode.swift; path = SavedTimerCell.swift; sourceTree = "<group>"; };
		44CED5112053B71A002079F5 /* SavedTimerCell.xib */ = {isa = PBXFileReference; lastKnownFileType = file.xib; path = SavedTimerCell.xib; sourceTree = "<group>"; };
		797849907096ADE14A72EB35 /* Pods_TimeDrip.framework */ = {isa = PBXFileReference; explicitFileType = wrapper.framework; includeInIndex = 0; path = Pods_TimeDrip.framework; sourceTree = BUILT_PRODUCTS_DIR; };
		95D93A06A6400438465299FE /* Pods-TimeDrip.debug.xcconfig */ = {isa = PBXFileReference; includeInIndex = 1; lastKnownFileType = text.xcconfig; name = "Pods-TimeDrip.debug.xcconfig"; path = "Pods/Target Support Files/Pods-TimeDrip/Pods-TimeDrip.debug.xcconfig"; sourceTree = "<group>"; };
		FFEFD9D06AA6DB32A7FDA1F7 /* Pods-TimeDrip.release.xcconfig */ = {isa = PBXFileReference; includeInIndex = 1; lastKnownFileType = text.xcconfig; name = "Pods-TimeDrip.release.xcconfig"; path = "Pods/Target Support Files/Pods-TimeDrip/Pods-TimeDrip.release.xcconfig"; sourceTree = "<group>"; };
/* End PBXFileReference section */

/* Begin PBXFrameworksBuildPhase section */
		440EA0232033B4F300D2FBD8 /* Frameworks */ = {
			isa = PBXFrameworksBuildPhase;
			buildActionMask = 2147483647;
			files = (
				060E56225D8F44696315A74C /* Pods_TimeDrip.framework in Frameworks */,
			);
			runOnlyForDeploymentPostprocessing = 0;
		};
/* End PBXFrameworksBuildPhase section */

/* Begin PBXGroup section */
		120FCEB9C56E7B8BC8B9FF5F /* Pods */ = {
			isa = PBXGroup;
			children = (
				95D93A06A6400438465299FE /* Pods-TimeDrip.debug.xcconfig */,
				FFEFD9D06AA6DB32A7FDA1F7 /* Pods-TimeDrip.release.xcconfig */,
			);
			name = Pods;
			sourceTree = "<group>";
		};
		440EA01D2033B4F300D2FBD8 = {
			isa = PBXGroup;
			children = (
				440EA0282033B4F300D2FBD8 /* TimeDrip */,
				440EA0272033B4F300D2FBD8 /* Products */,
				120FCEB9C56E7B8BC8B9FF5F /* Pods */,
				9A53D2A21A2536A2085575C4 /* Frameworks */,
			);
			sourceTree = "<group>";
		};
		440EA0272033B4F300D2FBD8 /* Products */ = {
			isa = PBXGroup;
			children = (
				440EA0262033B4F300D2FBD8 /* TimeDrip.app */,
			);
			name = Products;
			sourceTree = "<group>";
		};
		440EA0282033B4F300D2FBD8 /* TimeDrip */ = {
			isa = PBXGroup;
			children = (
				440EA0292033B4F300D2FBD8 /* AppDelegate.swift */,
				4450C2AD2040B7A900A784A7 /* Models */,
				4470E619203B4E0C0061C75B /* Views */,
				4450C2AC2040B78F00A784A7 /* Controllers */,
				448F467E21FE70C500D819EA /* Coordination */,
				440EA0302033B4F300D2FBD8 /* Assets.xcassets */,
				4448127E20BB0FF6004D97F5 /* sounds */,
				440EA0322033B4F300D2FBD8 /* LaunchScreen.storyboard */,
				440EA0352033B4F300D2FBD8 /* Info.plist */,
			);
			path = TimeDrip;
			sourceTree = "<group>";
		};
		4450C2AC2040B78F00A784A7 /* Controllers */ = {
			isa = PBXGroup;
			children = (
				44877F8820893C5E00A0AE15 /* InitialViewController.swift */,
				440EA02B2033B4F300D2FBD8 /* SimpleTimerViewController.swift */,
				4450C2B22040DBEC00A784A7 /* SavedTimersTableViewController.swift */,
				445F848220AB6D5F004E1E3A /* SettingsViewController.swift */,
				44A6559D2051D0720088FE49 /* EditTimerViewController.swift */,
			);
			path = Controllers;
			sourceTree = "<group>";
		};
		4450C2AD2040B7A900A784A7 /* Models */ = {
			isa = PBXGroup;
			children = (
				4450C2AE2040B7EC00A784A7 /* SavedTimer.swift */,
				4450C31E204B802900A784A7 /* Settings.swift */,
				4448127C20BB0D15004D97F5 /* Sounds.swift */,
			);
			path = Models;
			sourceTree = "<group>";
		};
		4470E619203B4E0C0061C75B /* Views */ = {
			isa = PBXGroup;
			children = (
				440EA02D2033B4F300D2FBD8 /* Main.storyboard */,
				44A6558C205086E50088FE49 /* TableCells */,
				4462D8892066C2E00070D1C6 /* RoundedButton.swift */,
				445F847C20A8CA90004E1E3A /* GradientView.swift */,
				445F848020A925F6004E1E3A /* RoundedGradientView.swift */,
				445F847E20A91E8D004E1E3A /* ColorPalette.swift */,
				44877F8620891A0200A0AE15 /* RoundedView.swift */,
				44B6757F20C246BF00F71B9F /* BucketSpace.swift */,
			);
			path = Views;
			sourceTree = "<group>";
		};
		448F467E21FE70C500D819EA /* Coordination */ = {
			isa = PBXGroup;
			children = (
				4453299F21FE75DC00E03F86 /* Coordinator.swift */,
				44C8DC7E21FE5EAB009179B3 /* Storyboarded.swift */,
				44C8DC8021FE6658009179B3 /* MainCoordinator.swift */,
			);
			path = Coordination;
			sourceTree = "<group>";
		};
		44A6558C205086E50088FE49 /* TableCells */ = {
			isa = PBXGroup;
			children = (
				44A65584204CAA730088FE49 /* ColorSampleTableViewCell.swift */,
				44A65585204CAA730088FE49 /* ColorSampleTableViewCell.xib */,
				44A65588204CE3250088FE49 /* PickerCell.swift */,
				44A65589204CE3250088FE49 /* PickerCell.xib */,
				44A655912051BC280088FE49 /* DetailCell.swift */,
				44A655922051BC280088FE49 /* DetailCell.xib */,
				44A655952051BFAF0088FE49 /* AutoStartCell.swift */,
				44A655962051BFAF0088FE49 /* AutoStartCell.xib */,
				44A655992051C5FD0088FE49 /* TitleCell.swift */,
				44A6559A2051C5FD0088FE49 /* TitleCell.xib */,
				44CED50C20533C13002079F5 /* ToggleCell.swift */,
				44CED50D20533C13002079F5 /* ToggleCell.xib */,
				44CED5102053B71A002079F5 /* SavedTimerCell.swift */,
				44CED5112053B71A002079F5 /* SavedTimerCell.xib */,
			);
			path = TableCells;
			sourceTree = "<group>";
		};
		9A53D2A21A2536A2085575C4 /* Frameworks */ = {
			isa = PBXGroup;
			children = (
				797849907096ADE14A72EB35 /* Pods_TimeDrip.framework */,
			);
			name = Frameworks;
			sourceTree = "<group>";
		};
/* End PBXGroup section */

/* Begin PBXNativeTarget section */
		440EA0252033B4F300D2FBD8 /* TimeDrip */ = {
			isa = PBXNativeTarget;
			buildConfigurationList = 440EA0382033B4F300D2FBD8 /* Build configuration list for PBXNativeTarget "TimeDrip" */;
			buildPhases = (
				E5EC73B1222B9744FD36E8BB /* [CP] Check Pods Manifest.lock */,
				440EA0222033B4F300D2FBD8 /* Sources */,
				440EA0232033B4F300D2FBD8 /* Frameworks */,
				440EA0242033B4F300D2FBD8 /* Resources */,
				60A6B5B6DA4AE3109DD3EC5A /* [CP] Embed Pods Frameworks */,
			);
			buildRules = (
			);
			dependencies = (
			);
			name = TimeDrip;
			productName = TimeDrip;
			productReference = 440EA0262033B4F300D2FBD8 /* TimeDrip.app */;
			productType = "com.apple.product-type.application";
		};
/* End PBXNativeTarget section */

/* Begin PBXProject section */
		440EA01E2033B4F300D2FBD8 /* Project object */ = {
			isa = PBXProject;
			attributes = {
				LastSwiftUpdateCheck = 0920;
				LastUpgradeCheck = 0930;
				ORGANIZATIONNAME = "Kate MacInnis";
				TargetAttributes = {
					440EA0252033B4F300D2FBD8 = {
						CreatedOnToolsVersion = 9.2;
						ProvisioningStyle = Automatic;
					};
				};
			};
			buildConfigurationList = 440EA0212033B4F300D2FBD8 /* Build configuration list for PBXProject "TimeDrip" */;
			compatibilityVersion = "Xcode 8.0";
			developmentRegion = en;
			hasScannedForEncodings = 0;
			knownRegions = (
				en,
				Base,
			);
			mainGroup = 440EA01D2033B4F300D2FBD8;
			productRefGroup = 440EA0272033B4F300D2FBD8 /* Products */;
			projectDirPath = "";
			projectRoot = "";
			targets = (
				440EA0252033B4F300D2FBD8 /* TimeDrip */,
			);
		};
/* End PBXProject section */

/* Begin PBXResourcesBuildPhase section */
		440EA0242033B4F300D2FBD8 /* Resources */ = {
			isa = PBXResourcesBuildPhase;
			buildActionMask = 2147483647;
			files = (
				44A6559C2051C5FD0088FE49 /* TitleCell.xib in Resources */,
				44A655942051BC280088FE49 /* DetailCell.xib in Resources */,
				440EA0342033B4F300D2FBD8 /* LaunchScreen.storyboard in Resources */,
				44A655982051BFAF0088FE49 /* AutoStartCell.xib in Resources */,
				44A65587204CAA730088FE49 /* ColorSampleTableViewCell.xib in Resources */,
				4448127F20BB0FF6004D97F5 /* sounds in Resources */,
				44CED5132053B71A002079F5 /* SavedTimerCell.xib in Resources */,
				440EA0312033B4F300D2FBD8 /* Assets.xcassets in Resources */,
				44CED50F20533C13002079F5 /* ToggleCell.xib in Resources */,
				44A6558B204CE3250088FE49 /* PickerCell.xib in Resources */,
				440EA02F2033B4F300D2FBD8 /* Main.storyboard in Resources */,
			);
			runOnlyForDeploymentPostprocessing = 0;
		};
/* End PBXResourcesBuildPhase section */

/* Begin PBXShellScriptBuildPhase section */
		60A6B5B6DA4AE3109DD3EC5A /* [CP] Embed Pods Frameworks */ = {
			isa = PBXShellScriptBuildPhase;
			buildActionMask = 2147483647;
			files = (
			);
			inputPaths = (
				"${SRCROOT}/Pods/Target Support Files/Pods-TimeDrip/Pods-TimeDrip-frameworks.sh",
				"${BUILT_PRODUCTS_DIR}/ChameleonFramework/ChameleonFramework.framework",
				"${BUILT_PRODUCTS_DIR}/RappleColorPicker/RappleColorPicker.framework",
				"${BUILT_PRODUCTS_DIR}/Realm/Realm.framework",
				"${BUILT_PRODUCTS_DIR}/RealmSwift/RealmSwift.framework",
				"${BUILT_PRODUCTS_DIR}/SwiftySound/SwiftySound.framework",
				"${BUILT_PRODUCTS_DIR}/SwipeCellKit/SwipeCellKit.framework",
			);
			name = "[CP] Embed Pods Frameworks";
			outputPaths = (
				"${TARGET_BUILD_DIR}/${FRAMEWORKS_FOLDER_PATH}/ChameleonFramework.framework",
				"${TARGET_BUILD_DIR}/${FRAMEWORKS_FOLDER_PATH}/RappleColorPicker.framework",
				"${TARGET_BUILD_DIR}/${FRAMEWORKS_FOLDER_PATH}/Realm.framework",
				"${TARGET_BUILD_DIR}/${FRAMEWORKS_FOLDER_PATH}/RealmSwift.framework",
				"${TARGET_BUILD_DIR}/${FRAMEWORKS_FOLDER_PATH}/SwiftySound.framework",
				"${TARGET_BUILD_DIR}/${FRAMEWORKS_FOLDER_PATH}/SwipeCellKit.framework",
			);
			runOnlyForDeploymentPostprocessing = 0;
			shellPath = /bin/sh;
			shellScript = "\"${SRCROOT}/Pods/Target Support Files/Pods-TimeDrip/Pods-TimeDrip-frameworks.sh\"\n";
			showEnvVarsInLog = 0;
		};
		E5EC73B1222B9744FD36E8BB /* [CP] Check Pods Manifest.lock */ = {
			isa = PBXShellScriptBuildPhase;
			buildActionMask = 2147483647;
			files = (
			);
			inputPaths = (
				"${PODS_PODFILE_DIR_PATH}/Podfile.lock",
				"${PODS_ROOT}/Manifest.lock",
			);
			name = "[CP] Check Pods Manifest.lock";
			outputPaths = (
				"$(DERIVED_FILE_DIR)/Pods-TimeDrip-checkManifestLockResult.txt",
			);
			runOnlyForDeploymentPostprocessing = 0;
			shellPath = /bin/sh;
			shellScript = "diff \"${PODS_PODFILE_DIR_PATH}/Podfile.lock\" \"${PODS_ROOT}/Manifest.lock\" > /dev/null\nif [ $? != 0 ] ; then\n    # print error to STDERR\n    echo \"error: The sandbox is not in sync with the Podfile.lock. Run 'pod install' or update your CocoaPods installation.\" >&2\n    exit 1\nfi\n# This output is used by Xcode 'outputs' to avoid re-running this script phase.\necho \"SUCCESS\" > \"${SCRIPT_OUTPUT_FILE_0}\"\n";
			showEnvVarsInLog = 0;
		};
/* End PBXShellScriptBuildPhase section */

/* Begin PBXSourcesBuildPhase section */
		440EA0222033B4F300D2FBD8 /* Sources */ = {
			isa = PBXSourcesBuildPhase;
			buildActionMask = 2147483647;
			files = (
				445F848120A925F6004E1E3A /* RoundedGradientView.swift in Sources */,
				440EA02C2033B4F300D2FBD8 /* SimpleTimerViewController.swift in Sources */,
				445329A021FE75DC00E03F86 /* Coordinator.swift in Sources */,
				44B6758020C246BF00F71B9F /* BucketSpace.swift in Sources */,
				440EA02A2033B4F300D2FBD8 /* AppDelegate.swift in Sources */,
				445F848320AB6D5F004E1E3A /* SettingsViewController.swift in Sources */,
				4462D88A2066C2E00070D1C6 /* RoundedButton.swift in Sources */,
				4450C2B32040DBEC00A784A7 /* SavedTimersTableViewController.swift in Sources */,
				44CED5122053B71A002079F5 /* SavedTimerCell.swift in Sources */,
				445F847D20A8CA90004E1E3A /* GradientView.swift in Sources */,
				44CED50E20533C13002079F5 /* ToggleCell.swift in Sources */,
				4450C2AF2040B7EC00A784A7 /* SavedTimer.swift in Sources */,
				44A655932051BC280088FE49 /* DetailCell.swift in Sources */,
				44877F8720891A0200A0AE15 /* RoundedView.swift in Sources */,
				44C8DC8121FE6658009179B3 /* MainCoordinator.swift in Sources */,
				44A65586204CAA730088FE49 /* ColorSampleTableViewCell.swift in Sources */,
				445F847F20A91E8D004E1E3A /* ColorPalette.swift in Sources */,
				44A6559E2051D0720088FE49 /* EditTimerViewController.swift in Sources */,
				44A6559B2051C5FD0088FE49 /* TitleCell.swift in Sources */,
				4450C31F204B802900A784A7 /* Settings.swift in Sources */,
				44A6558A204CE3250088FE49 /* PickerCell.swift in Sources */,
				4448127D20BB0D15004D97F5 /* Sounds.swift in Sources */,
				44A655972051BFAF0088FE49 /* AutoStartCell.swift in Sources */,
				44877F8920893C5E00A0AE15 /* InitialViewController.swift in Sources */,
				44C8DC7F21FE5EAB009179B3 /* Storyboarded.swift in Sources */,
			);
			runOnlyForDeploymentPostprocessing = 0;
		};
/* End PBXSourcesBuildPhase section */

/* Begin PBXVariantGroup section */
		440EA02D2033B4F300D2FBD8 /* Main.storyboard */ = {
			isa = PBXVariantGroup;
			children = (
				440EA02E2033B4F300D2FBD8 /* Base */,
			);
			name = Main.storyboard;
			sourceTree = "<group>";
		};
		440EA0322033B4F300D2FBD8 /* LaunchScreen.storyboard */ = {
			isa = PBXVariantGroup;
			children = (
				440EA0332033B4F300D2FBD8 /* Base */,
			);
			name = LaunchScreen.storyboard;
			sourceTree = "<group>";
		};
/* End PBXVariantGroup section */

/* Begin XCBuildConfiguration section */
		440EA0362033B4F300D2FBD8 /* Debug */ = {
			isa = XCBuildConfiguration;
			buildSettings = {
				ALWAYS_SEARCH_USER_PATHS = NO;
				CLANG_ANALYZER_NONNULL = YES;
				CLANG_ANALYZER_NUMBER_OBJECT_CONVERSION = YES_AGGRESSIVE;
				CLANG_CXX_LANGUAGE_STANDARD = "gnu++14";
				CLANG_CXX_LIBRARY = "libc++";
				CLANG_ENABLE_MODULES = YES;
				CLANG_ENABLE_OBJC_ARC = YES;
				CLANG_WARN_BLOCK_CAPTURE_AUTORELEASING = YES;
				CLANG_WARN_BOOL_CONVERSION = YES;
				CLANG_WARN_COMMA = YES;
				CLANG_WARN_CONSTANT_CONVERSION = YES;
				CLANG_WARN_DEPRECATED_OBJC_IMPLEMENTATIONS = YES;
				CLANG_WARN_DIRECT_OBJC_ISA_USAGE = YES_ERROR;
				CLANG_WARN_DOCUMENTATION_COMMENTS = YES;
				CLANG_WARN_EMPTY_BODY = YES;
				CLANG_WARN_ENUM_CONVERSION = YES;
				CLANG_WARN_INFINITE_RECURSION = YES;
				CLANG_WARN_INT_CONVERSION = YES;
				CLANG_WARN_NON_LITERAL_NULL_CONVERSION = YES;
				CLANG_WARN_OBJC_IMPLICIT_RETAIN_SELF = YES;
				CLANG_WARN_OBJC_LITERAL_CONVERSION = YES;
				CLANG_WARN_OBJC_ROOT_CLASS = YES_ERROR;
				CLANG_WARN_RANGE_LOOP_ANALYSIS = YES;
				CLANG_WARN_STRICT_PROTOTYPES = YES;
				CLANG_WARN_SUSPICIOUS_MOVE = YES;
				CLANG_WARN_UNGUARDED_AVAILABILITY = YES_AGGRESSIVE;
				CLANG_WARN_UNREACHABLE_CODE = YES;
				CLANG_WARN__DUPLICATE_METHOD_MATCH = YES;
				CODE_SIGN_IDENTITY = "iPhone Developer";
				COPY_PHASE_STRIP = NO;
				DEBUG_INFORMATION_FORMAT = dwarf;
				ENABLE_STRICT_OBJC_MSGSEND = YES;
				ENABLE_TESTABILITY = YES;
				GCC_C_LANGUAGE_STANDARD = gnu11;
				GCC_DYNAMIC_NO_PIC = NO;
				GCC_NO_COMMON_BLOCKS = YES;
				GCC_OPTIMIZATION_LEVEL = 0;
				GCC_PREPROCESSOR_DEFINITIONS = (
					"DEBUG=1",
					"$(inherited)",
				);
				GCC_WARN_64_TO_32_BIT_CONVERSION = YES;
				GCC_WARN_ABOUT_RETURN_TYPE = YES_ERROR;
				GCC_WARN_UNDECLARED_SELECTOR = YES;
				GCC_WARN_UNINITIALIZED_AUTOS = YES_AGGRESSIVE;
				GCC_WARN_UNUSED_FUNCTION = YES;
				GCC_WARN_UNUSED_VARIABLE = YES;
				IPHONEOS_DEPLOYMENT_TARGET = 11.2;
				MTL_ENABLE_DEBUG_INFO = YES;
				ONLY_ACTIVE_ARCH = YES;
				SDKROOT = iphoneos;
				SWIFT_ACTIVE_COMPILATION_CONDITIONS = DEBUG;
				SWIFT_OPTIMIZATION_LEVEL = "-Onone";
				SWIFT_VERSION = 4.2;
			};
			name = Debug;
		};
		440EA0372033B4F300D2FBD8 /* Release */ = {
			isa = XCBuildConfiguration;
			buildSettings = {
				ALWAYS_SEARCH_USER_PATHS = NO;
				CLANG_ANALYZER_NONNULL = YES;
				CLANG_ANALYZER_NUMBER_OBJECT_CONVERSION = YES_AGGRESSIVE;
				CLANG_CXX_LANGUAGE_STANDARD = "gnu++14";
				CLANG_CXX_LIBRARY = "libc++";
				CLANG_ENABLE_MODULES = YES;
				CLANG_ENABLE_OBJC_ARC = YES;
				CLANG_WARN_BLOCK_CAPTURE_AUTORELEASING = YES;
				CLANG_WARN_BOOL_CONVERSION = YES;
				CLANG_WARN_COMMA = YES;
				CLANG_WARN_CONSTANT_CONVERSION = YES;
				CLANG_WARN_DEPRECATED_OBJC_IMPLEMENTATIONS = YES;
				CLANG_WARN_DIRECT_OBJC_ISA_USAGE = YES_ERROR;
				CLANG_WARN_DOCUMENTATION_COMMENTS = YES;
				CLANG_WARN_EMPTY_BODY = YES;
				CLANG_WARN_ENUM_CONVERSION = YES;
				CLANG_WARN_INFINITE_RECURSION = YES;
				CLANG_WARN_INT_CONVERSION = YES;
				CLANG_WARN_NON_LITERAL_NULL_CONVERSION = YES;
				CLANG_WARN_OBJC_IMPLICIT_RETAIN_SELF = YES;
				CLANG_WARN_OBJC_LITERAL_CONVERSION = YES;
				CLANG_WARN_OBJC_ROOT_CLASS = YES_ERROR;
				CLANG_WARN_RANGE_LOOP_ANALYSIS = YES;
				CLANG_WARN_STRICT_PROTOTYPES = YES;
				CLANG_WARN_SUSPICIOUS_MOVE = YES;
				CLANG_WARN_UNGUARDED_AVAILABILITY = YES_AGGRESSIVE;
				CLANG_WARN_UNREACHABLE_CODE = YES;
				CLANG_WARN__DUPLICATE_METHOD_MATCH = YES;
				CODE_SIGN_IDENTITY = "iPhone Developer";
				COPY_PHASE_STRIP = NO;
				DEBUG_INFORMATION_FORMAT = "dwarf-with-dsym";
				ENABLE_NS_ASSERTIONS = NO;
				ENABLE_STRICT_OBJC_MSGSEND = YES;
				GCC_C_LANGUAGE_STANDARD = gnu11;
				GCC_NO_COMMON_BLOCKS = YES;
				GCC_WARN_64_TO_32_BIT_CONVERSION = YES;
				GCC_WARN_ABOUT_RETURN_TYPE = YES_ERROR;
				GCC_WARN_UNDECLARED_SELECTOR = YES;
				GCC_WARN_UNINITIALIZED_AUTOS = YES_AGGRESSIVE;
				GCC_WARN_UNUSED_FUNCTION = YES;
				GCC_WARN_UNUSED_VARIABLE = YES;
				IPHONEOS_DEPLOYMENT_TARGET = 11.2;
				MTL_ENABLE_DEBUG_INFO = NO;
				SDKROOT = iphoneos;
				SWIFT_OPTIMIZATION_LEVEL = "-Owholemodule";
				SWIFT_VERSION = 4.2;
				VALIDATE_PRODUCT = YES;
			};
			name = Release;
		};
		440EA0392033B4F300D2FBD8 /* Debug */ = {
			isa = XCBuildConfiguration;
			baseConfigurationReference = 95D93A06A6400438465299FE /* Pods-TimeDrip.debug.xcconfig */;
			buildSettings = {
				ASSETCATALOG_COMPILER_APPICON_NAME = AppIcon;
				CODE_SIGN_STYLE = Automatic;
				DEVELOPMENT_TEAM = YJU3TV359G;
				INFOPLIST_FILE = TimeDrip/Info.plist;
				LD_RUNPATH_SEARCH_PATHS = "$(inherited) @executable_path/Frameworks";
				PRODUCT_BUNDLE_IDENTIFIER = com.mathdancing.TimeDrip;
				PRODUCT_NAME = "$(TARGET_NAME)";
				SWIFT_VERSION = 4.0;
				TARGETED_DEVICE_FAMILY = "1,2";
			};
			name = Debug;
		};
		440EA03A2033B4F300D2FBD8 /* Release */ = {
			isa = XCBuildConfiguration;
			baseConfigurationReference = FFEFD9D06AA6DB32A7FDA1F7 /* Pods-TimeDrip.release.xcconfig */;
			buildSettings = {
				ASSETCATALOG_COMPILER_APPICON_NAME = AppIcon;
				CODE_SIGN_STYLE = Automatic;
				DEVELOPMENT_TEAM = YJU3TV359G;
				INFOPLIST_FILE = TimeDrip/Info.plist;
				LD_RUNPATH_SEARCH_PATHS = "$(inherited) @executable_path/Frameworks";
				PRODUCT_BUNDLE_IDENTIFIER = com.mathdancing.TimeDrip;
				PRODUCT_NAME = "$(TARGET_NAME)";
				SWIFT_VERSION = 4.0;
				TARGETED_DEVICE_FAMILY = "1,2";
			};
			name = Release;
		};
/* End XCBuildConfiguration section */

/* Begin XCConfigurationList section */
		440EA0212033B4F300D2FBD8 /* Build configuration list for PBXProject "TimeDrip" */ = {
			isa = XCConfigurationList;
			buildConfigurations = (
				440EA0362033B4F300D2FBD8 /* Debug */,
				440EA0372033B4F300D2FBD8 /* Release */,
			);
			defaultConfigurationIsVisible = 0;
			defaultConfigurationName = Release;
		};
		440EA0382033B4F300D2FBD8 /* Build configuration list for PBXNativeTarget "TimeDrip" */ = {
			isa = XCConfigurationList;
			buildConfigurations = (
				440EA0392033B4F300D2FBD8 /* Debug */,
				440EA03A2033B4F300D2FBD8 /* Release */,
			);
			defaultConfigurationIsVisible = 0;
			defaultConfigurationName = Release;
		};
/* End XCConfigurationList section */
	};
	rootObject = 440EA01E2033B4F300D2FBD8 /* Project object */;
}
